
Microsoft Visual Studio Solution File, Format Version 12.00
# Visual Studio 2013
VisualStudioVersion = 12.0.31101.0
MinimumVisualStudioVersion = 10.0.40219.1
Project("{FAE04EC0-301F-11D3-BF4B-00C04F79EFBC}") = "PluginController", "PluginController\PluginController.csproj", "{87F06A7A-C02E-4B61-AEDA-9622FE84F362}"
EndProject
Project("{FAE04EC0-301F-11D3-BF4B-00C04F79EFBC}") = "DefaultControlsPack", "DefaultControlsPack\DefaultControlsPack.csproj", "{8976B701-F121-41E8-903F-FC32FDDEDF26}"
EndProject
Project("{FAE04EC0-301F-11D3-BF4B-00C04F79EFBC}") = "QStudio", "QStudio\QStudio.csproj", "{EEF28981-EE80-4C22-832A-05FD0B612570}"
EndProject
Project("{FAE04EC0-301F-11D3-BF4B-00C04F79EFBC}") = "BasicComponentsPack", "BasicComponentsPack\BasicComponentsPack.csproj", "{F2D2C25F-1792-434B-8CB9-37061E33A0E4}"
EndProject
Project("{FAE04EC0-301F-11D3-BF4B-00C04F79EFBC}") = "Core", "Core\Core.csproj", "{0F025B2A-3987-43A0-BDD5-328511BCCC1A}"
EndProject
Project("{FAE04EC0-301F-11D3-BF4B-00C04F79EFBC}") = "VisualCore", "VisualCore\VisualCore.csproj", "{A018B627-F53B-42F2-823F-4F6B899F1954}"
EndProject
Project("{FAE04EC0-301F-11D3-BF4B-00C04F79EFBC}") = "ImplementationPlan", "ImplementationPlan\ImplementationPlan.csproj", "{F6850F58-8B38-4391-A5B0-1E04E927A807}"
EndProject
Project("{FAE04EC0-301F-11D3-BF4B-00C04F79EFBC}") = "UnitTests", "UnitTests\UnitTests.csproj", "{0B780090-91FB-42BE-9ADF-3892FBD50C69}"
EndProject
Project("{FAE04EC0-301F-11D3-BF4B-00C04F79EFBC}") = "QDeterminant", "QDeterminant\QDeterminant.csproj", "{EE45CB6E-00EB-4DC9-B26B-6EBA07777C8E}"
EndProject
Project("{FAE04EC0-301F-11D3-BF4B-00C04F79EFBC}") = "FlowChart", "FlowChart\FlowChart.csproj", "{3562334F-3741-4142-9336-AB6AC10B608B}"
EndProject
Project("{FAE04EC0-301F-11D3-BF4B-00C04F79EFBC}") = "ImplementationPlanViewer", "ImplementationPlanViewer\ImplementationPlanViewer.csproj", "{63728805-A87D-47AF-828B-1B7B7AA3CB31}"
EndProject
Project("{FAE04EC0-301F-11D3-BF4B-00C04F79EFBC}") = "Compiler", "Compiler\Compiler.csproj", "{F2C5073B-FBE8-453C-AEBD-07653CA4DA07}"
EndProject
Global
	GlobalSection(SolutionConfigurationPlatforms) = preSolution
		Debug|Any CPU = Debug|Any CPU
		Release|Any CPU = Release|Any CPU
	EndGlobalSection
	GlobalSection(ProjectConfigurationPlatforms) = postSolution
		{87F06A7A-C02E-4B61-AEDA-9622FE84F362}.Debug|Any CPU.ActiveCfg = Debug|Any CPU
		{87F06A7A-C02E-4B61-AEDA-9622FE84F362}.Debug|Any CPU.Build.0 = Debug|Any CPU
		{87F06A7A-C02E-4B61-AEDA-9622FE84F362}.Release|Any CPU.ActiveCfg = Release|Any CPU
		{87F06A7A-C02E-4B61-AEDA-9622FE84F362}.Release|Any CPU.Build.0 = Release|Any CPU
		{8976B701-F121-41E8-903F-FC32FDDEDF26}.Debug|Any CPU.ActiveCfg = Debug|Any CPU
		{8976B701-F121-41E8-903F-FC32FDDEDF26}.Debug|Any CPU.Build.0 = Debug|Any CPU
		{8976B701-F121-41E8-903F-FC32FDDEDF26}.Release|Any CPU.ActiveCfg = Release|Any CPU
		{8976B701-F121-41E8-903F-FC32FDDEDF26}.Release|Any CPU.Build.0 = Release|Any CPU
		{EEF28981-EE80-4C22-832A-05FD0B612570}.Debug|Any CPU.ActiveCfg = Debug|Any CPU
		{EEF28981-EE80-4C22-832A-05FD0B612570}.Debug|Any CPU.Build.0 = Debug|Any CPU
		{EEF28981-EE80-4C22-832A-05FD0B612570}.Release|Any CPU.ActiveCfg = Release|Any CPU
		{EEF28981-EE80-4C22-832A-05FD0B612570}.Release|Any CPU.Build.0 = Release|Any CPU
		{F2D2C25F-1792-434B-8CB9-37061E33A0E4}.Debug|Any CPU.ActiveCfg = Debug|Any CPU
		{F2D2C25F-1792-434B-8CB9-37061E33A0E4}.Debug|Any CPU.Build.0 = Debug|Any CPU
		{F2D2C25F-1792-434B-8CB9-37061E33A0E4}.Release|Any CPU.ActiveCfg = Release|Any CPU
		{F2D2C25F-1792-434B-8CB9-37061E33A0E4}.Release|Any CPU.Build.0 = Release|Any CPU
		{0F025B2A-3987-43A0-BDD5-328511BCCC1A}.Debug|Any CPU.ActiveCfg = Debug|Any CPU
		{0F025B2A-3987-43A0-BDD5-328511BCCC1A}.Debug|Any CPU.Build.0 = Debug|Any CPU
		{0F025B2A-3987-43A0-BDD5-328511BCCC1A}.Release|Any CPU.ActiveCfg = Release|Any CPU
		{0F025B2A-3987-43A0-BDD5-328511BCCC1A}.Release|Any CPU.Build.0 = Release|Any CPU
		{A018B627-F53B-42F2-823F-4F6B899F1954}.Debug|Any CPU.ActiveCfg = Debug|Any CPU
		{A018B627-F53B-42F2-823F-4F6B899F1954}.Debug|Any CPU.Build.0 = Debug|Any CPU
		{A018B627-F53B-42F2-823F-4F6B899F1954}.Release|Any CPU.ActiveCfg = Release|Any CPU
		{A018B627-F53B-42F2-823F-4F6B899F1954}.Release|Any CPU.Build.0 = Release|Any CPU
		{F6850F58-8B38-4391-A5B0-1E04E927A807}.Debug|Any CPU.ActiveCfg = Debug|Any CPU
		{F6850F58-8B38-4391-A5B0-1E04E927A807}.Debug|Any CPU.Build.0 = Debug|Any CPU
		{F6850F58-8B38-4391-A5B0-1E04E927A807}.Release|Any CPU.ActiveCfg = Release|Any CPU
		{F6850F58-8B38-4391-A5B0-1E04E927A807}.Release|Any CPU.Build.0 = Release|Any CPU
		{0B780090-91FB-42BE-9ADF-3892FBD50C69}.Debug|Any CPU.ActiveCfg = Debug|Any CPU
		{0B780090-91FB-42BE-9ADF-3892FBD50C69}.Debug|Any CPU.Build.0 = Debug|Any CPU
		{0B780090-91FB-42BE-9ADF-3892FBD50C69}.Release|Any CPU.ActiveCfg = Release|Any CPU
		{0B780090-91FB-42BE-9ADF-3892FBD50C69}.Release|Any CPU.Build.0 = Release|Any CPU
		{EE45CB6E-00EB-4DC9-B26B-6EBA07777C8E}.Debug|Any CPU.ActiveCfg = Debug|Any CPU
		{EE45CB6E-00EB-4DC9-B26B-6EBA07777C8E}.Debug|Any CPU.Build.0 = Debug|Any CPU
		{EE45CB6E-00EB-4DC9-B26B-6EBA07777C8E}.Release|Any CPU.ActiveCfg = Release|Any CPU
		{EE45CB6E-00EB-4DC9-B26B-6EBA07777C8E}.Release|Any CPU.Build.0 = Release|Any CPU
		{3562334F-3741-4142-9336-AB6AC10B608B}.Debug|Any CPU.ActiveCfg = Debug|Any CPU
		{3562334F-3741-4142-9336-AB6AC10B608B}.Debug|Any CPU.Build.0 = Debug|Any CPU
		{3562334F-3741-4142-9336-AB6AC10B608B}.Release|Any CPU.ActiveCfg = Release|Any CPU
		{3562334F-3741-4142-9336-AB6AC10B608B}.Release|Any CPU.Build.0 = Release|Any CPU
		{63728805-A87D-47AF-828B-1B7B7AA3CB31}.Debug|Any CPU.ActiveCfg = Debug|Any CPU
		{63728805-A87D-47AF-828B-1B7B7AA3CB31}.Debug|Any CPU.Build.0 = Debug|Any CPU
		{63728805-A87D-47AF-828B-1B7B7AA3CB31}.Release|Any CPU.ActiveCfg = Release|Any CPU
		{63728805-A87D-47AF-828B-1B7B7AA3CB31}.Release|Any CPU.Build.0 = Release|Any CPU
		{F2C5073B-FBE8-453C-AEBD-07653CA4DA07}.Debug|Any CPU.ActiveCfg = Debug|Any CPU
		{F2C5073B-FBE8-453C-AEBD-07653CA4DA07}.Debug|Any CPU.Build.0 = Debug|Any CPU
		{F2C5073B-FBE8-453C-AEBD-07653CA4DA07}.Release|Any CPU.ActiveCfg = Release|Any CPU
		{F2C5073B-FBE8-453C-AEBD-07653CA4DA07}.Release|Any CPU.Build.0 = Release|Any CPU
	EndGlobalSection
	GlobalSection(SolutionProperties) = preSolution
		HideSolutionNode = FALSE
	EndGlobalSection
EndGlobal
